{
  "name": "@discolabs/submarine-js",
  "version": "0.0.2",
  "lockfileVersion": 1,
  "requires": true,
  "dependencies": {
    "@discolabs/custard-js": {
      "version": "0.0.2",
      "resolved": "https://registry.npmjs.org/@discolabs/custard-js/-/custard-js-0.0.2.tgz",
      "integrity": "sha512-3x9tmnTRhR0u7TLfl/P+PwpVwVRwP2b+MVk8z/A4Uo6BRIkASdrBUczZci+ftH0KKbUKrsAFee67Ewhq7TjALA=="
    }
  }
}
